{
  "nodes": {
    "claude-code-nix": {
      "inputs": {
        "flake-utils": "flake-utils",
        "nixpkgs": "nixpkgs"
      },
      "locked": {
        "lastModified": 1770168651,
        "narHash": "sha256-SxzTEu49iaAA/nAT28Rsr4BmjC3eCkiaM4/ZYBVhhNQ=",
        "owner": "sadjow",
        "repo": "claude-code-nix",
        "rev": "f256f48c037a6e54afa332795328f753f2fafbaf",
        "type": "github"
      },
      "original": {
        "owner": "sadjow",
        "repo": "claude-code-nix",
        "type": "github"
      }
    },
    "flake-utils": {
      "inputs": {
        "systems": "systems"
      },
      "locked": {
        "lastModified": 1731533236,
        "narHash": "sha256-l0KFg5HjrsfsO/JpG+r7fRrqm12kzFHyUHqHCVpMMbI=",
        "owner": "numtide",
        "repo": "flake-utils",
        "rev": "11707dc2f618dd54ca8739b309ec4fc024de578b",
        "type": "github"
      },
      "original": {
        "owner": "numtide",
        "repo": "flake-utils",
        "type": "github"
      }
    },
    "home-manager": {
      "inputs": {
        "nixpkgs": [
          "nixpkgs"
        ]
      },
      "locked": {
        "lastModified": 1770260404,
        "narHash": "sha256-3iVX1+7YUIt23hBx1WZsUllhbmP2EnXrV8tCRbLxHc8=",
        "owner": "nix-community",
        "repo": "home-manager",
        "rev": "0d782ee42c86b196acff08acfbf41bb7d13eed5b",
        "type": "github"
      },
      "original": {
        "owner": "nix-community",
        "ref": "release-25.11",
        "repo": "home-manager",
        "type": "github"
      }
    },
    "nixpkgs": {
      "locked": {
        "lastModified": 1770141374,
        "narHash": "sha256-yD4K/vRHPwXbJf5CK3JkptBA6nFWUKNX/jlFp2eKEQc=",
        "owner": "NixOS",
        "repo": "nixpkgs",
        "rev": "41965737c1797c1d83cfb0b644ed0840a6220bd1",
        "type": "github"
      },
      "original": {
        "owner": "NixOS",
        "ref": "nixpkgs-unstable",
        "repo": "nixpkgs",
        "type": "github"
      }
    },
    "nixpkgs-unstable": {
      "locked": {
        "lastModified": 1770197578,
        "narHash": "sha256-AYqlWrX09+HvGs8zM6ebZ1pwUqjkfpnv8mewYwAo+iM=",
        "owner": "nixos",
        "repo": "nixpkgs",
        "rev": "00c21e4c93d963c50d4c0c89bfa84ed6e0694df2",
        "type": "github"
      },
      "original": {
        "owner": "nixos",
        "ref": "nixos-unstable",
        "repo": "nixpkgs",
        "type": "github"
      }
    },
    "nixpkgs_2": {
      "locked": {
        "lastModified": 1770136044,
        "narHash": "sha256-tlFqNG/uzz2++aAmn4v8J0vAkV3z7XngeIIB3rM3650=",
        "owner": "NixOS",
        "repo": "nixpkgs",
        "rev": "e576e3c9cf9bad747afcddd9e34f51d18c855b4e",
        "type": "github"
      },
      "original": {
        "owner": "NixOS",
        "ref": "nixos-25.11",
        "repo": "nixpkgs",
        "type": "github"
      }
    },
    "nixpkgs_3": {
      "locked": {
        "lastModified": 1768393167,
        "narHash": "sha256-n2063BRjHde6DqAz2zavhOOiLUwA3qXt7jQYHyETjX8=",
        "owner": "NixOS",
        "repo": "nixpkgs",
        "rev": "2f594d5af95d4fdac67fba60376ec11e482041cb",
        "type": "github"
      },
      "original": {
        "owner": "NixOS",
        "ref": "nixpkgs-unstable",
        "repo": "nixpkgs",
        "type": "github"
      }
    },
    "nixpkgs_4": {
      "locked": {
        "lastModified": 1766201043,
        "narHash": "sha256-eplAP+rorKKd0gNjV3rA6+0WMzb1X1i16F5m5pASnjA=",
        "owner": "NixOS",
        "repo": "nixpkgs",
        "rev": "b3aad468604d3e488d627c0b43984eb60e75e782",
        "type": "github"
      },
      "original": {
        "owner": "NixOS",
        "ref": "nixos-25.11",
        "repo": "nixpkgs",
        "type": "github"
      }
    },
    "opencode": {
      "inputs": {
        "nixpkgs": "nixpkgs_3"
      },
      "locked": {
        "lastModified": 1770273068,
        "narHash": "sha256-bBokFeztMB+sw32fnA1tihKCRc6RsxlvkCD/lHT+sWE=",
        "owner": "sst",
        "repo": "opencode",
        "rev": "8c8d8881400db46abf723293e80f03309064834f",
        "type": "github"
      },
      "original": {
        "owner": "sst",
        "repo": "opencode",
        "type": "github"
      }
    },
    "root": {
      "inputs": {
        "claude-code-nix": "claude-code-nix",
        "home-manager": "home-manager",
        "nixpkgs": "nixpkgs_2",
        "nixpkgs-unstable": "nixpkgs-unstable",
        "opencode": "opencode",
        "snitch": "snitch"
      }
    },
    "snitch": {
      "inputs": {
        "nixpkgs": "nixpkgs_4"
      },
      "locked": {
        "lastModified": 1767297494,
        "narHash": "sha256-Ylvs2bXDshwKA1O8dRFCOatXPGYg7yx17pLAj2o78mk=",
        "owner": "karol-broda",
        "repo": "snitch",
        "rev": "57d592408de364bbbef3c89b85458e7cf61fd2e4",
        "type": "github"
      },
      "original": {
        "owner": "karol-broda",
        "repo": "snitch",
        "type": "github"
      }
    },
    "systems": {
      "locked": {
        "lastModified": 1681028828,
        "narHash": "sha256-Vy1rq5AaRuLzOxct8nz4T6wlgyUR7zLU309k9mBC768=",
        "owner": "nix-systems",
        "repo": "default",
        "rev": "da67096a3b9bf56a91d16901293e51ba5b49a27e",
        "type": "github"
      },
      "original": {
        "owner": "nix-systems",
        "repo": "default",
        "type": "github"
      }
    }
  },
  "root": "root",
  "version": 7
}
