{
  "nodes": {
    "claude-code-nix": {
      "inputs": {
        "flake-utils": "flake-utils",
        "nixpkgs": "nixpkgs"
      },
      "locked": {
        "lastModified": 1766457259,
        "narHash": "sha256-bDA65v40vYio865H6UplNHbeYhR7/A1GQqKT1u3suAM=",
        "owner": "sadjow",
        "repo": "claude-code-nix",
        "rev": "5dfa1244dd5e93dd868719e26d80164dd3b0ba00",
        "type": "github"
      },
      "original": {
        "owner": "sadjow",
        "repo": "claude-code-nix",
        "type": "github"
      }
    },
    "flake-utils": {
      "inputs": {
        "systems": "systems"
      },
      "locked": {
        "lastModified": 1731533236,
        "narHash": "sha256-l0KFg5HjrsfsO/JpG+r7fRrqm12kzFHyUHqHCVpMMbI=",
        "owner": "numtide",
        "repo": "flake-utils",
        "rev": "11707dc2f618dd54ca8739b309ec4fc024de578b",
        "type": "github"
      },
      "original": {
        "owner": "numtide",
        "repo": "flake-utils",
        "type": "github"
      }
    },
    "home-manager": {
      "inputs": {
        "nixpkgs": [
          "nixpkgs"
        ]
      },
      "locked": {
        "lastModified": 1763992789,
        "narHash": "sha256-WHkdBlw6oyxXIra/vQPYLtqY+3G8dUVZM8bEXk0t8x4=",
        "owner": "nix-community",
        "repo": "home-manager",
        "rev": "44831a7eaba4360fb81f2acc5ea6de5fde90aaa3",
        "type": "github"
      },
      "original": {
        "owner": "nix-community",
        "ref": "release-25.05",
        "repo": "home-manager",
        "type": "github"
      }
    },
    "nixpkgs": {
      "locked": {
        "lastModified": 1766314097,
        "narHash": "sha256-laJftWbghBehazn/zxVJ8NdENVgjccsWAdAqKXhErrM=",
        "owner": "NixOS",
        "repo": "nixpkgs",
        "rev": "306ea70f9eb0fb4e040f8540e2deab32ed7e2055",
        "type": "github"
      },
      "original": {
        "owner": "NixOS",
        "ref": "nixpkgs-unstable",
        "repo": "nixpkgs",
        "type": "github"
      }
    },
    "nixpkgs-unstable": {
      "locked": {
        "lastModified": 1767379071,
        "narHash": "sha256-EgE0pxsrW9jp9YFMkHL9JMXxcqi/OoumPJYwf+Okucw=",
        "owner": "nixos",
        "repo": "nixpkgs",
        "rev": "fb7944c166a3b630f177938e478f0378e64ce108",
        "type": "github"
      },
      "original": {
        "owner": "nixos",
        "ref": "nixos-unstable",
        "repo": "nixpkgs",
        "type": "github"
      }
    },
    "nixpkgs_2": {
      "locked": {
        "lastModified": 1767051569,
        "narHash": "sha256-0MnuWoN+n1UYaGBIpqpPs9I9ZHW4kynits4mrnh1Pk4=",
        "owner": "NixOS",
        "repo": "nixpkgs",
        "rev": "40ee5e1944bebdd128f9fbada44faefddfde29bd",
        "type": "github"
      },
      "original": {
        "owner": "NixOS",
        "ref": "nixos-25.05",
        "repo": "nixpkgs",
        "type": "github"
      }
    },
    "nixpkgs_3": {
      "locked": {
        "lastModified": 1767273430,
        "narHash": "sha256-kDpoFwQ8GLrPiS3KL+sAwreXrph2KhdXuJzo5+vSLoo=",
        "owner": "NixOS",
        "repo": "nixpkgs",
        "rev": "76eec3925eb9bbe193934987d3285473dbcfad50",
        "type": "github"
      },
      "original": {
        "owner": "NixOS",
        "ref": "nixpkgs-unstable",
        "repo": "nixpkgs",
        "type": "github"
      }
    },
    "nixpkgs_4": {
      "locked": {
        "lastModified": 1766201043,
        "narHash": "sha256-eplAP+rorKKd0gNjV3rA6+0WMzb1X1i16F5m5pASnjA=",
        "owner": "NixOS",
        "repo": "nixpkgs",
        "rev": "b3aad468604d3e488d627c0b43984eb60e75e782",
        "type": "github"
      },
      "original": {
        "owner": "NixOS",
        "ref": "nixos-25.11",
        "repo": "nixpkgs",
        "type": "github"
      }
    },
    "opencode": {
      "inputs": {
        "nixpkgs": "nixpkgs_3"
      },
      "locked": {
        "lastModified": 1767491115,
        "narHash": "sha256-Jyre0gEkHdMlVUIO6RNUBejndOOLc1xSFqiTMjQAZgg=",
        "owner": "sst",
        "repo": "opencode",
        "rev": "dcf37000e4868a8cc6ec8fa779b00a1e51866455",
        "type": "github"
      },
      "original": {
        "owner": "sst",
        "repo": "opencode",
        "type": "github"
      }
    },
    "root": {
      "inputs": {
        "claude-code-nix": "claude-code-nix",
        "home-manager": "home-manager",
        "nixpkgs": "nixpkgs_2",
        "nixpkgs-unstable": "nixpkgs-unstable",
        "opencode": "opencode",
        "snitch": "snitch"
      }
    },
    "snitch": {
      "inputs": {
        "nixpkgs": "nixpkgs_4"
      },
      "locked": {
        "lastModified": 1767297494,
        "narHash": "sha256-Ylvs2bXDshwKA1O8dRFCOatXPGYg7yx17pLAj2o78mk=",
        "owner": "karol-broda",
        "repo": "snitch",
        "rev": "57d592408de364bbbef3c89b85458e7cf61fd2e4",
        "type": "github"
      },
      "original": {
        "owner": "karol-broda",
        "repo": "snitch",
        "type": "github"
      }
    },
    "systems": {
      "locked": {
        "lastModified": 1681028828,
        "narHash": "sha256-Vy1rq5AaRuLzOxct8nz4T6wlgyUR7zLU309k9mBC768=",
        "owner": "nix-systems",
        "repo": "default",
        "rev": "da67096a3b9bf56a91d16901293e51ba5b49a27e",
        "type": "github"
      },
      "original": {
        "owner": "nix-systems",
        "repo": "default",
        "type": "github"
      }
    }
  },
  "root": "root",
  "version": 7
}
